
Microsoft Visual Studio Solution File, Format Version 12.00
# Visual Studio Version 17
VisualStudioVersion = 17.3.32825.248
MinimumVisualStudioVersion = 10.0.40219.1
Project("{FAE04EC0-301F-11D3-BF4B-00C04F79EFBC}") = "System.IONamespace", "System.IONamespace\System.IONamespace.csproj", "{E99DC9E2-BD2D-4132-8097-FFEACA9B4475}"
EndProject
Global
	GlobalSection(SolutionConfigurationPlatforms) = preSolution
		Debug|Any CPU = Debug|Any CPU
		Release|Any CPU = Release|Any CPU
	EndGlobalSection
	GlobalSection(ProjectConfigurationPlatforms) = postSolution
		{E99DC9E2-BD2D-4132-8097-FFEACA9B4475}.Debug|Any CPU.ActiveCfg = Debug|Any CPU
		{E99DC9E2-BD2D-4132-8097-FFEACA9B4475}.Debug|Any CPU.Build.0 = Debug|Any CPU
		{E99DC9E2-BD2D-4132-8097-FFEACA9B4475}.Release|Any CPU.ActiveCfg = Release|Any CPU
		{E99DC9E2-BD2D-4132-8097-FFEACA9B4475}.Release|Any CPU.Build.0 = Release|Any CPU
	EndGlobalSection
	GlobalSection(SolutionProperties) = preSolution
		HideSolutionNode = FALSE
	EndGlobalSection
	GlobalSection(ExtensibilityGlobals) = postSolution
		SolutionGuid = {B7ACE15D-513B-4AE0-9105-31B315231222}
	EndGlobalSection
EndGlobal
